// !$*UTF8*$!
{
	archiveVersion = 1;
	classes = {
	};
	objectVersion = 50;
	objects = {

/* Begin PBXBuildFile section */
		9001742D22F0326C001A21CC /* ZRTransViewController.m in Sources */ = {isa = PBXBuildFile; fileRef = 9001742C22F0326C001A21CC /* ZRTransViewController.m */; };
		9001743322F04E15001A21CC /* ZRChatListViewController.m in Sources */ = {isa = PBXBuildFile; fileRef = 9001743222F04E15001A21CC /* ZRChatListViewController.m */; };
		9001743822F0507C001A21CC /* ZRChatTableViewCell.m in Sources */ = {isa = PBXBuildFile; fileRef = 9001743622F0507C001A21CC /* ZRChatTableViewCell.m */; };
		9001743922F0507C001A21CC /* ZRChatTableViewCell.xib in Resources */ = {isa = PBXBuildFile; fileRef = 9001743722F0507C001A21CC /* ZRChatTableViewCell.xib */; };
		9001743C22F05996001A21CC /* ZRChatViewController.m in Sources */ = {isa = PBXBuildFile; fileRef = 9001743B22F05996001A21CC /* ZRChatViewController.m */; };
		9001743F22F059F6001A21CC /* ZRChatCollectionViewController.m in Sources */ = {isa = PBXBuildFile; fileRef = 9001743E22F059F6001A21CC /* ZRChatCollectionViewController.m */; };
		9001744622F07247001A21CC /* ZRBaseTransitionAnimator.m in Sources */ = {isa = PBXBuildFile; fileRef = 9001744522F07247001A21CC /* ZRBaseTransitionAnimator.m */; };
		9001744922F072B3001A21CC /* ZRChatPresentTransitionAnimator.m in Sources */ = {isa = PBXBuildFile; fileRef = 9001744822F072B3001A21CC /* ZRChatPresentTransitionAnimator.m */; };
		9001744C22F072C2001A21CC /* ZRChatDismissTransitionAnimator.m in Sources */ = {isa = PBXBuildFile; fileRef = 9001744B22F072C2001A21CC /* ZRChatDismissTransitionAnimator.m */; };
		900D66BF22E9A6690029F283 /* ZREmitterAnimationViewController.m in Sources */ = {isa = PBXBuildFile; fileRef = 900D66BE22E9A6690029F283 /* ZREmitterAnimationViewController.m */; };
		90495B3422D2294900AE3A3F /* UIView+QuartzDemo.m in Sources */ = {isa = PBXBuildFile; fileRef = 90495B3322D2294900AE3A3F /* UIView+QuartzDemo.m */; };
		90495B3C22D5767B00AE3A3F /* ZRHistogramNavController.m in Sources */ = {isa = PBXBuildFile; fileRef = 90495B3B22D5767B00AE3A3F /* ZRHistogramNavController.m */; };
		90495B3F22D5769B00AE3A3F /* ZRChartNavController.m in Sources */ = {isa = PBXBuildFile; fileRef = 90495B3E22D5769B00AE3A3F /* ZRChartNavController.m */; };
		90495B9422D57F8100AE3A3F /* ZRCollectionViewController.m in Sources */ = {isa = PBXBuildFile; fileRef = 90495B7922D57F8100AE3A3F /* ZRCollectionViewController.m */; };
		90495B9522D57F8100AE3A3F /* ZRBaseCollectionView.m in Sources */ = {isa = PBXBuildFile; fileRef = 90495B7A22D57F8100AE3A3F /* ZRBaseCollectionView.m */; };
		90495B9622D57F8100AE3A3F /* ZRBaseTabBarController.m in Sources */ = {isa = PBXBuildFile; fileRef = 90495B7E22D57F8100AE3A3F /* ZRBaseTabBarController.m */; };
		90495B9722D57F8100AE3A3F /* ZRBaseScrollView.m in Sources */ = {isa = PBXBuildFile; fileRef = 90495B8322D57F8100AE3A3F /* ZRBaseScrollView.m */; };
		90495B9822D57F8100AE3A3F /* ZRScrollViewController.m in Sources */ = {isa = PBXBuildFile; fileRef = 90495B8422D57F8100AE3A3F /* ZRScrollViewController.m */; };
		90495B9922D57F8100AE3A3F /* ZRBaseViewController.m in Sources */ = {isa = PBXBuildFile; fileRef = 90495B8622D57F8100AE3A3F /* ZRBaseViewController.m */; };
		90495B9A22D57F8100AE3A3F /* ZRBaseTableView.m in Sources */ = {isa = PBXBuildFile; fileRef = 90495B8B22D57F8100AE3A3F /* ZRBaseTableView.m */; };
		90495B9B22D57F8100AE3A3F /* ZRTableViewController.m in Sources */ = {isa = PBXBuildFile; fileRef = 90495B8C22D57F8100AE3A3F /* ZRTableViewController.m */; };
		90495B9C22D57F8100AE3A3F /* ZRBaseNavigationController.m in Sources */ = {isa = PBXBuildFile; fileRef = 90495B8D22D57F8100AE3A3F /* ZRBaseNavigationController.m */; };
		90495B9D22D57F8100AE3A3F /* ZRGuideViewController.m in Sources */ = {isa = PBXBuildFile; fileRef = 90495B9322D57F8100AE3A3F /* ZRGuideViewController.m */; };
		90495BBC22D580B100AE3A3F /* LICENSE in Resources */ = {isa = PBXBuildFile; fileRef = 90495BA022D580B100AE3A3F /* LICENSE */; };
		90495BBD22D580B100AE3A3F /* NSLayoutConstraint+MASDebugAdditions.m in Sources */ = {isa = PBXBuildFile; fileRef = 90495BA322D580B100AE3A3F /* NSLayoutConstraint+MASDebugAdditions.m */; };
		90495BBE22D580B100AE3A3F /* ViewController+MASAdditions.m in Sources */ = {isa = PBXBuildFile; fileRef = 90495BAC22D580B100AE3A3F /* ViewController+MASAdditions.m */; };
		90495BBF22D580B100AE3A3F /* MASCompositeConstraint.m in Sources */ = {isa = PBXBuildFile; fileRef = 90495BB022D580B100AE3A3F /* MASCompositeConstraint.m */; };
		90495BC022D580B100AE3A3F /* MASConstraintMaker.m in Sources */ = {isa = PBXBuildFile; fileRef = 90495BB122D580B100AE3A3F /* MASConstraintMaker.m */; };
		90495BC122D580B100AE3A3F /* MASLayoutConstraint.m in Sources */ = {isa = PBXBuildFile; fileRef = 90495BB222D580B100AE3A3F /* MASLayoutConstraint.m */; };
		90495BC222D580B100AE3A3F /* NSArray+MASAdditions.m in Sources */ = {isa = PBXBuildFile; fileRef = 90495BB322D580B100AE3A3F /* NSArray+MASAdditions.m */; };
		90495BC322D580B100AE3A3F /* View+MASAdditions.m in Sources */ = {isa = PBXBuildFile; fileRef = 90495BB422D580B100AE3A3F /* View+MASAdditions.m */; };
		90495BC422D580B100AE3A3F /* MASConstraint.m in Sources */ = {isa = PBXBuildFile; fileRef = 90495BB722D580B100AE3A3F /* MASConstraint.m */; };
		90495BC522D580B100AE3A3F /* MASViewConstraint.m in Sources */ = {isa = PBXBuildFile; fileRef = 90495BB922D580B100AE3A3F /* MASViewConstraint.m */; };
		90495BC622D580B100AE3A3F /* MASViewAttribute.m in Sources */ = {isa = PBXBuildFile; fileRef = 90495BBA22D580B100AE3A3F /* MASViewAttribute.m */; };
		90495BC722D580B100AE3A3F /* README.md in Resources */ = {isa = PBXBuildFile; fileRef = 90495BBB22D580B100AE3A3F /* README.md */; };
		904FCB3522DF64F800A25AB3 /* ZRChartViewController.m in Sources */ = {isa = PBXBuildFile; fileRef = 904FCB3022DF64F800A25AB3 /* ZRChartViewController.m */; };
		904FCB3622DF64F800A25AB3 /* ZRChartView.m in Sources */ = {isa = PBXBuildFile; fileRef = 904FCB3122DF64F800A25AB3 /* ZRChartView.m */; };
		904FCB3722DF64F800A25AB3 /* ZRHistogramViewController.m in Sources */ = {isa = PBXBuildFile; fileRef = 904FCB3422DF64F800A25AB3 /* ZRHistogramViewController.m */; };
		904FCB3B22DF655600A25AB3 /* ZRTabbarController.m in Sources */ = {isa = PBXBuildFile; fileRef = 904FCB3A22DF655600A25AB3 /* ZRTabbarController.m */; };
		904FCB3F22DF659100A25AB3 /* ZRAnimationViewController.m in Sources */ = {isa = PBXBuildFile; fileRef = 904FCB3E22DF659100A25AB3 /* ZRAnimationViewController.m */; };
		904FCB4222DF6DE800A25AB3 /* ZRClockViewController.m in Sources */ = {isa = PBXBuildFile; fileRef = 904FCB4122DF6DE800A25AB3 /* ZRClockViewController.m */; };
		904FCB4522E049BA00A25AB3 /* ZRBasicAnimationViewController.m in Sources */ = {isa = PBXBuildFile; fileRef = 904FCB4422E049BA00A25AB3 /* ZRBasicAnimationViewController.m */; };
		904FCB4922E1722100A25AB3 /* UIImage+ZRClip.m in Sources */ = {isa = PBXBuildFile; fileRef = 904FCB4822E1722100A25AB3 /* UIImage+ZRClip.m */; };
		904FCB4C22E1A4D700A25AB3 /* ZRImageManager.m in Sources */ = {isa = PBXBuildFile; fileRef = 904FCB4B22E1A4D700A25AB3 /* ZRImageManager.m */; };
		904FCB4F22E1A4F600A25AB3 /* UIImageView+ZRClip.m in Sources */ = {isa = PBXBuildFile; fileRef = 904FCB4E22E1A4F600A25AB3 /* UIImageView+ZRClip.m */; };
		904FCB5222E1A64500A25AB3 /* UIImage+ZRWebCache.m in Sources */ = {isa = PBXBuildFile; fileRef = 904FCB5122E1A64500A25AB3 /* UIImage+ZRWebCache.m */; };
		904FCB5522E42A8500A25AB3 /* ZRAnimationGroupViewController.m in Sources */ = {isa = PBXBuildFile; fileRef = 904FCB5422E42A8500A25AB3 /* ZRAnimationGroupViewController.m */; };
		904FCB5B22E52E5900A25AB3 /* ZRKeyframeAnimationViewController.m in Sources */ = {isa = PBXBuildFile; fileRef = 904FCB5922E52E5800A25AB3 /* ZRKeyframeAnimationViewController.m */; };
		904FCB5E22E5502C00A25AB3 /* ZRValueDistributionMapViewController.m in Sources */ = {isa = PBXBuildFile; fileRef = 904FCB5D22E5502C00A25AB3 /* ZRValueDistributionMapViewController.m */; };
		90A63E3622CF39AB00FC773A /* AppDelegate.m in Sources */ = {isa = PBXBuildFile; fileRef = 90A63E3522CF39AB00FC773A /* AppDelegate.m */; };
		90A63E3922CF39AB00FC773A /* ViewController.m in Sources */ = {isa = PBXBuildFile; fileRef = 90A63E3822CF39AB00FC773A /* ViewController.m */; };
		90A63E3C22CF39AB00FC773A /* Main.storyboard in Resources */ = {isa = PBXBuildFile; fileRef = 90A63E3A22CF39AB00FC773A /* Main.storyboard */; };
		90A63E3E22CF39AD00FC773A /* Assets.xcassets in Resources */ = {isa = PBXBuildFile; fileRef = 90A63E3D22CF39AD00FC773A /* Assets.xcassets */; };
		90A63E4122CF39AD00FC773A /* LaunchScreen.storyboard in Resources */ = {isa = PBXBuildFile; fileRef = 90A63E3F22CF39AD00FC773A /* LaunchScreen.storyboard */; };
		90A63E4422CF39AD00FC773A /* main.m in Sources */ = {isa = PBXBuildFile; fileRef = 90A63E4322CF39AD00FC773A /* main.m */; };
/* End PBXBuildFile section */

/* Begin PBXFileReference section */
		9001742B22F0326C001A21CC /* ZRTransViewController.h */ = {isa = PBXFileReference; lastKnownFileType = sourcecode.c.h; path = ZRTransViewController.h; sourceTree = "<group>"; };
		9001742C22F0326C001A21CC /* ZRTransViewController.m */ = {isa = PBXFileReference; lastKnownFileType = sourcecode.c.objc; path = ZRTransViewController.m; sourceTree = "<group>"; };
		9001743122F04E15001A21CC /* ZRChatListViewController.h */ = {isa = PBXFileReference; lastKnownFileType = sourcecode.c.h; path = ZRChatListViewController.h; sourceTree = "<group>"; };
		9001743222F04E15001A21CC /* ZRChatListViewController.m */ = {isa = PBXFileReference; lastKnownFileType = sourcecode.c.objc; path = ZRChatListViewController.m; sourceTree = "<group>"; };
		9001743522F0507C001A21CC /* ZRChatTableViewCell.h */ = {isa = PBXFileReference; lastKnownFileType = sourcecode.c.h; path = ZRChatTableViewCell.h; sourceTree = "<group>"; };
		9001743622F0507C001A21CC /* ZRChatTableViewCell.m */ = {isa = PBXFileReference; lastKnownFileType = sourcecode.c.objc; path = ZRChatTableViewCell.m; sourceTree = "<group>"; };
		9001743722F0507C001A21CC /* ZRChatTableViewCell.xib */ = {isa = PBXFileReference; lastKnownFileType = file.xib; path = ZRChatTableViewCell.xib; sourceTree = "<group>"; };
		9001743A22F05996001A21CC /* ZRChatViewController.h */ = {isa = PBXFileReference; lastKnownFileType = sourcecode.c.h; path = ZRChatViewController.h; sourceTree = "<group>"; };
		9001743B22F05996001A21CC /* ZRChatViewController.m */ = {isa = PBXFileReference; lastKnownFileType = sourcecode.c.objc; path = ZRChatViewController.m; sourceTree = "<group>"; };
		9001743D22F059F6001A21CC /* ZRChatCollectionViewController.h */ = {isa = PBXFileReference; lastKnownFileType = sourcecode.c.h; path = ZRChatCollectionViewController.h; sourceTree = "<group>"; };
		9001743E22F059F6001A21CC /* ZRChatCollectionViewController.m */ = {isa = PBXFileReference; lastKnownFileType = sourcecode.c.objc; path = ZRChatCollectionViewController.m; sourceTree = "<group>"; };
		9001744422F07247001A21CC /* ZRBaseTransitionAnimator.h */ = {isa = PBXFileReference; fileEncoding = 4; lastKnownFileType = sourcecode.c.h; path = ZRBaseTransitionAnimator.h; sourceTree = "<group>"; };
		9001744522F07247001A21CC /* ZRBaseTransitionAnimator.m */ = {isa = PBXFileReference; fileEncoding = 4; lastKnownFileType = sourcecode.c.objc; path = ZRBaseTransitionAnimator.m; sourceTree = "<group>"; };
		9001744722F072B3001A21CC /* ZRChatPresentTransitionAnimator.h */ = {isa = PBXFileReference; lastKnownFileType = sourcecode.c.h; path = ZRChatPresentTransitionAnimator.h; sourceTree = "<group>"; };
		9001744822F072B3001A21CC /* ZRChatPresentTransitionAnimator.m */ = {isa = PBXFileReference; lastKnownFileType = sourcecode.c.objc; path = ZRChatPresentTransitionAnimator.m; sourceTree = "<group>"; };
		9001744A22F072C2001A21CC /* ZRChatDismissTransitionAnimator.h */ = {isa = PBXFileReference; lastKnownFileType = sourcecode.c.h; path = ZRChatDismissTransitionAnimator.h; sourceTree = "<group>"; };
		9001744B22F072C2001A21CC /* ZRChatDismissTransitionAnimator.m */ = {isa = PBXFileReference; lastKnownFileType = sourcecode.c.objc; path = ZRChatDismissTransitionAnimator.m; sourceTree = "<group>"; };
		900D66BD22E9A6690029F283 /* ZREmitterAnimationViewController.h */ = {isa = PBXFileReference; lastKnownFileType = sourcecode.c.h; path = ZREmitterAnimationViewController.h; sourceTree = "<group>"; };
		900D66BE22E9A6690029F283 /* ZREmitterAnimationViewController.m */ = {isa = PBXFileReference; lastKnownFileType = sourcecode.c.objc; path = ZREmitterAnimationViewController.m; sourceTree = "<group>"; };
		90495B3222D2294900AE3A3F /* UIView+QuartzDemo.h */ = {isa = PBXFileReference; lastKnownFileType = sourcecode.c.h; path = "UIView+QuartzDemo.h"; sourceTree = "<group>"; };
		90495B3322D2294900AE3A3F /* UIView+QuartzDemo.m */ = {isa = PBXFileReference; lastKnownFileType = sourcecode.c.objc; path = "UIView+QuartzDemo.m"; sourceTree = "<group>"; };
		90495B3A22D5767B00AE3A3F /* ZRHistogramNavController.h */ = {isa = PBXFileReference; lastKnownFileType = sourcecode.c.h; path = ZRHistogramNavController.h; sourceTree = "<group>"; };
		90495B3B22D5767B00AE3A3F /* ZRHistogramNavController.m */ = {isa = PBXFileReference; lastKnownFileType = sourcecode.c.objc; path = ZRHistogramNavController.m; sourceTree = "<group>"; };
		90495B3D22D5769B00AE3A3F /* ZRChartNavController.h */ = {isa = PBXFileReference; lastKnownFileType = sourcecode.c.h; path = ZRChartNavController.h; sourceTree = "<group>"; };
		90495B3E22D5769B00AE3A3F /* ZRChartNavController.m */ = {isa = PBXFileReference; lastKnownFileType = sourcecode.c.objc; path = ZRChartNavController.m; sourceTree = "<group>"; };
		90495B7922D57F8100AE3A3F /* ZRCollectionViewController.m */ = {isa = PBXFileReference; fileEncoding = 4; lastKnownFileType = sourcecode.c.objc; path = ZRCollectionViewController.m; sourceTree = "<group>"; };
		90495B7A22D57F8100AE3A3F /* ZRBaseCollectionView.m */ = {isa = PBXFileReference; fileEncoding = 4; lastKnownFileType = sourcecode.c.objc; path = ZRBaseCollectionView.m; sourceTree = "<group>"; };
		90495B7B22D57F8100AE3A3F /* ZRBaseCollectionView.h */ = {isa = PBXFileReference; fileEncoding = 4; lastKnownFileType = sourcecode.c.h; path = ZRBaseCollectionView.h; sourceTree = "<group>"; };
		90495B7C22D57F8100AE3A3F /* ZRCollectionViewController.h */ = {isa = PBXFileReference; fileEncoding = 4; lastKnownFileType = sourcecode.c.h; path = ZRCollectionViewController.h; sourceTree = "<group>"; };
		90495B7D22D57F8100AE3A3F /* ZRBaseViewController.h */ = {isa = PBXFileReference; fileEncoding = 4; lastKnownFileType = sourcecode.c.h; path = ZRBaseViewController.h; sourceTree = "<group>"; };
		90495B7E22D57F8100AE3A3F /* ZRBaseTabBarController.m */ = {isa = PBXFileReference; fileEncoding = 4; lastKnownFileType = sourcecode.c.objc; path = ZRBaseTabBarController.m; sourceTree = "<group>"; };
		90495B8022D57F8100AE3A3F /* ZRBaseNavigationController.h */ = {isa = PBXFileReference; fileEncoding = 4; lastKnownFileType = sourcecode.c.h; path = ZRBaseNavigationController.h; sourceTree = "<group>"; };
		90495B8222D57F8100AE3A3F /* ZRScrollViewController.h */ = {isa = PBXFileReference; fileEncoding = 4; lastKnownFileType = sourcecode.c.h; path = ZRScrollViewController.h; sourceTree = "<group>"; };
		90495B8322D57F8100AE3A3F /* ZRBaseScrollView.m */ = {isa = PBXFileReference; fileEncoding = 4; lastKnownFileType = sourcecode.c.objc; path = ZRBaseScrollView.m; sourceTree = "<group>"; };
		90495B8422D57F8100AE3A3F /* ZRScrollViewController.m */ = {isa = PBXFileReference; fileEncoding = 4; lastKnownFileType = sourcecode.c.objc; path = ZRScrollViewController.m; sourceTree = "<group>"; };
		90495B8522D57F8100AE3A3F /* ZRBaseScrollView.h */ = {isa = PBXFileReference; fileEncoding = 4; lastKnownFileType = sourcecode.c.h; path = ZRBaseScrollView.h; sourceTree = "<group>"; };
		90495B8622D57F8100AE3A3F /* ZRBaseViewController.m */ = {isa = PBXFileReference; fileEncoding = 4; lastKnownFileType = sourcecode.c.objc; path = ZRBaseViewController.m; sourceTree = "<group>"; };
		90495B8722D57F8100AE3A3F /* ZRBaseTabBarController.h */ = {isa = PBXFileReference; fileEncoding = 4; lastKnownFileType = sourcecode.c.h; path = ZRBaseTabBarController.h; sourceTree = "<group>"; };
		90495B8922D57F8100AE3A3F /* ZRTableViewController.h */ = {isa = PBXFileReference; fileEncoding = 4; lastKnownFileType = sourcecode.c.h; path = ZRTableViewController.h; sourceTree = "<group>"; };
		90495B8A22D57F8100AE3A3F /* ZRBaseTableView.h */ = {isa = PBXFileReference; fileEncoding = 4; lastKnownFileType = sourcecode.c.h; path = ZRBaseTableView.h; sourceTree = "<group>"; };
		90495B8B22D57F8100AE3A3F /* ZRBaseTableView.m */ = {isa = PBXFileReference; fileEncoding = 4; lastKnownFileType = sourcecode.c.objc; path = ZRBaseTableView.m; sourceTree = "<group>"; };
		90495B8C22D57F8100AE3A3F /* ZRTableViewController.m */ = {isa = PBXFileReference; fileEncoding = 4; lastKnownFileType = sourcecode.c.objc; path = ZRTableViewController.m; sourceTree = "<group>"; };
		90495B8D22D57F8100AE3A3F /* ZRBaseNavigationController.m */ = {isa = PBXFileReference; fileEncoding = 4; lastKnownFileType = sourcecode.c.objc; path = ZRBaseNavigationController.m; sourceTree = "<group>"; };
		90495B8E22D57F8100AE3A3F /* ZRToolsPrefixHeader.pch */ = {isa = PBXFileReference; fileEncoding = 4; lastKnownFileType = sourcecode.c.h; path = ZRToolsPrefixHeader.pch; sourceTree = "<group>"; };
		90495B9222D57F8100AE3A3F /* ZRGuideViewController.h */ = {isa = PBXFileReference; fileEncoding = 4; lastKnownFileType = sourcecode.c.h; path = ZRGuideViewController.h; sourceTree = "<group>"; };
		90495B9322D57F8100AE3A3F /* ZRGuideViewController.m */ = {isa = PBXFileReference; fileEncoding = 4; lastKnownFileType = sourcecode.c.objc; path = ZRGuideViewController.m; sourceTree = "<group>"; };
		90495BA022D580B100AE3A3F /* LICENSE */ = {isa = PBXFileReference; fileEncoding = 4; lastKnownFileType = text; path = LICENSE; sourceTree = "<group>"; };
		90495BA222D580B100AE3A3F /* MASCompositeConstraint.h */ = {isa = PBXFileReference; fileEncoding = 4; lastKnownFileType = sourcecode.c.h; path = MASCompositeConstraint.h; sourceTree = "<group>"; };
		90495BA322D580B100AE3A3F /* NSLayoutConstraint+MASDebugAdditions.m */ = {isa = PBXFileReference; fileEncoding = 4; lastKnownFileType = sourcecode.c.objc; path = "NSLayoutConstraint+MASDebugAdditions.m"; sourceTree = "<group>"; };
		90495BA422D580B100AE3A3F /* MASConstraint+Private.h */ = {isa = PBXFileReference; fileEncoding = 4; lastKnownFileType = sourcecode.c.h; path = "MASConstraint+Private.h"; sourceTree = "<group>"; };
		90495BA522D580B100AE3A3F /* MASLayoutConstraint.h */ = {isa = PBXFileReference; fileEncoding = 4; lastKnownFileType = sourcecode.c.h; path = MASLayoutConstraint.h; sourceTree = "<group>"; };
		90495BA622D580B100AE3A3F /* NSArray+MASShorthandAdditions.h */ = {isa = PBXFileReference; fileEncoding = 4; lastKnownFileType = sourcecode.c.h; path = "NSArray+MASShorthandAdditions.h"; sourceTree = "<group>"; };
		90495BA722D580B100AE3A3F /* MASConstraintMaker.h */ = {isa = PBXFileReference; fileEncoding = 4; lastKnownFileType = sourcecode.c.h; path = MASConstraintMaker.h; sourceTree = "<group>"; };
		90495BA822D580B100AE3A3F /* View+MASAdditions.h */ = {isa = PBXFileReference; fileEncoding = 4; lastKnownFileType = sourcecode.c.h; path = "View+MASAdditions.h"; sourceTree = "<group>"; };
		90495BA922D580B100AE3A3F /* NSArray+MASAdditions.h */ = {isa = PBXFileReference; fileEncoding = 4; lastKnownFileType = sourcecode.c.h; path = "NSArray+MASAdditions.h"; sourceTree = "<group>"; };
		90495BAA22D580B100AE3A3F /* MASUtilities.h */ = {isa = PBXFileReference; fileEncoding = 4; lastKnownFileType = sourcecode.c.h; path = MASUtilities.h; sourceTree = "<group>"; };
		90495BAB22D580B100AE3A3F /* MASViewAttribute.h */ = {isa = PBXFileReference; fileEncoding = 4; lastKnownFileType = sourcecode.c.h; path = MASViewAttribute.h; sourceTree = "<group>"; };
		90495BAC22D580B100AE3A3F /* ViewController+MASAdditions.m */ = {isa = PBXFileReference; fileEncoding = 4; lastKnownFileType = sourcecode.c.objc; path = "ViewController+MASAdditions.m"; sourceTree = "<group>"; };
		90495BAD22D580B100AE3A3F /* MASViewConstraint.h */ = {isa = PBXFileReference; fileEncoding = 4; lastKnownFileType = sourcecode.c.h; path = MASViewConstraint.h; sourceTree = "<group>"; };
		90495BAE22D580B100AE3A3F /* MASConstraint.h */ = {isa = PBXFileReference; fileEncoding = 4; lastKnownFileType = sourcecode.c.h; path = MASConstraint.h; sourceTree = "<group>"; };
		90495BAF22D580B100AE3A3F /* NSLayoutConstraint+MASDebugAdditions.h */ = {isa = PBXFileReference; fileEncoding = 4; lastKnownFileType = sourcecode.c.h; path = "NSLayoutConstraint+MASDebugAdditions.h"; sourceTree = "<group>"; };
		90495BB022D580B100AE3A3F /* MASCompositeConstraint.m */ = {isa = PBXFileReference; fileEncoding = 4; lastKnownFileType = sourcecode.c.objc; path = MASCompositeConstraint.m; sourceTree = "<group>"; };
		90495BB122D580B100AE3A3F /* MASConstraintMaker.m */ = {isa = PBXFileReference; fileEncoding = 4; lastKnownFileType = sourcecode.c.objc; path = MASConstraintMaker.m; sourceTree = "<group>"; };
		90495BB222D580B100AE3A3F /* MASLayoutConstraint.m */ = {isa = PBXFileReference; fileEncoding = 4; lastKnownFileType = sourcecode.c.objc; path = MASLayoutConstraint.m; sourceTree = "<group>"; };
		90495BB322D580B100AE3A3F /* NSArray+MASAdditions.m */ = {isa = PBXFileReference; fileEncoding = 4; lastKnownFileType = sourcecode.c.objc; path = "NSArray+MASAdditions.m"; sourceTree = "<group>"; };
		90495BB422D580B100AE3A3F /* View+MASAdditions.m */ = {isa = PBXFileReference; fileEncoding = 4; lastKnownFileType = sourcecode.c.objc; path = "View+MASAdditions.m"; sourceTree = "<group>"; };
		90495BB522D580B100AE3A3F /* View+MASShorthandAdditions.h */ = {isa = PBXFileReference; fileEncoding = 4; lastKnownFileType = sourcecode.c.h; path = "View+MASShorthandAdditions.h"; sourceTree = "<group>"; };
		90495BB622D580B100AE3A3F /* Masonry.h */ = {isa = PBXFileReference; fileEncoding = 4; lastKnownFileType = sourcecode.c.h; path = Masonry.h; sourceTree = "<group>"; };
		90495BB722D580B100AE3A3F /* MASConstraint.m */ = {isa = PBXFileReference; fileEncoding = 4; lastKnownFileType = sourcecode.c.objc; path = MASConstraint.m; sourceTree = "<group>"; };
		90495BB822D580B100AE3A3F /* ViewController+MASAdditions.h */ = {isa = PBXFileReference; fileEncoding = 4; lastKnownFileType = sourcecode.c.h; path = "ViewController+MASAdditions.h"; sourceTree = "<group>"; };
		90495BB922D580B100AE3A3F /* MASViewConstraint.m */ = {isa = PBXFileReference; fileEncoding = 4; lastKnownFileType = sourcecode.c.objc; path = MASViewConstraint.m; sourceTree = "<group>"; };
		90495BBA22D580B100AE3A3F /* MASViewAttribute.m */ = {isa = PBXFileReference; fileEncoding = 4; lastKnownFileType = sourcecode.c.objc; path = MASViewAttribute.m; sourceTree = "<group>"; };
		90495BBB22D580B100AE3A3F /* README.md */ = {isa = PBXFileReference; fileEncoding = 4; lastKnownFileType = net.daringfireball.markdown; path = README.md; sourceTree = "<group>"; };
		904FCB2E22DF64F800A25AB3 /* ZRChartView.h */ = {isa = PBXFileReference; fileEncoding = 4; lastKnownFileType = sourcecode.c.h; path = ZRChartView.h; sourceTree = "<group>"; };
		904FCB2F22DF64F800A25AB3 /* ZRChartViewController.h */ = {isa = PBXFileReference; fileEncoding = 4; lastKnownFileType = sourcecode.c.h; path = ZRChartViewController.h; sourceTree = "<group>"; };
		904FCB3022DF64F800A25AB3 /* ZRChartViewController.m */ = {isa = PBXFileReference; fileEncoding = 4; lastKnownFileType = sourcecode.c.objc; path = ZRChartViewController.m; sourceTree = "<group>"; };
		904FCB3122DF64F800A25AB3 /* ZRChartView.m */ = {isa = PBXFileReference; fileEncoding = 4; lastKnownFileType = sourcecode.c.objc; path = ZRChartView.m; sourceTree = "<group>"; };
		904FCB3322DF64F800A25AB3 /* ZRHistogramViewController.h */ = {isa = PBXFileReference; fileEncoding = 4; lastKnownFileType = sourcecode.c.h; path = ZRHistogramViewController.h; sourceTree = "<group>"; };
		904FCB3422DF64F800A25AB3 /* ZRHistogramViewController.m */ = {isa = PBXFileReference; fileEncoding = 4; lastKnownFileType = sourcecode.c.objc; path = ZRHistogramViewController.m; sourceTree = "<group>"; };
		904FCB3922DF655600A25AB3 /* ZRTabbarController.h */ = {isa = PBXFileReference; fileEncoding = 4; lastKnownFileType = sourcecode.c.h; path = ZRTabbarController.h; sourceTree = "<group>"; };
		904FCB3A22DF655600A25AB3 /* ZRTabbarController.m */ = {isa = PBXFileReference; fileEncoding = 4; lastKnownFileType = sourcecode.c.objc; path = ZRTabbarController.m; sourceTree = "<group>"; };
		904FCB3D22DF659100A25AB3 /* ZRAnimationViewController.h */ = {isa = PBXFileReference; lastKnownFileType = sourcecode.c.h; path = ZRAnimationViewController.h; sourceTree = "<group>"; };
		904FCB3E22DF659100A25AB3 /* ZRAnimationViewController.m */ = {isa = PBXFileReference; lastKnownFileType = sourcecode.c.objc; path = ZRAnimationViewController.m; sourceTree = "<group>"; };
		904FCB4022DF6DE800A25AB3 /* ZRClockViewController.h */ = {isa = PBXFileReference; lastKnownFileType = sourcecode.c.h; path = ZRClockViewController.h; sourceTree = "<group>"; };
		904FCB4122DF6DE800A25AB3 /* ZRClockViewController.m */ = {isa = PBXFileReference; lastKnownFileType = sourcecode.c.objc; path = ZRClockViewController.m; sourceTree = "<group>"; };
		904FCB4322E049BA00A25AB3 /* ZRBasicAnimationViewController.h */ = {isa = PBXFileReference; lastKnownFileType = sourcecode.c.h; path = ZRBasicAnimationViewController.h; sourceTree = "<group>"; };
		904FCB4422E049BA00A25AB3 /* ZRBasicAnimationViewController.m */ = {isa = PBXFileReference; lastKnownFileType = sourcecode.c.objc; path = ZRBasicAnimationViewController.m; sourceTree = "<group>"; };
		904FCB4722E1722100A25AB3 /* UIImage+ZRClip.h */ = {isa = PBXFileReference; lastKnownFileType = sourcecode.c.h; path = "UIImage+ZRClip.h"; sourceTree = "<group>"; };
		904FCB4822E1722100A25AB3 /* UIImage+ZRClip.m */ = {isa = PBXFileReference; lastKnownFileType = sourcecode.c.objc; path = "UIImage+ZRClip.m"; sourceTree = "<group>"; };
		904FCB4A22E1A4D700A25AB3 /* ZRImageManager.h */ = {isa = PBXFileReference; lastKnownFileType = sourcecode.c.h; path = ZRImageManager.h; sourceTree = "<group>"; };
		904FCB4B22E1A4D700A25AB3 /* ZRImageManager.m */ = {isa = PBXFileReference; lastKnownFileType = sourcecode.c.objc; path = ZRImageManager.m; sourceTree = "<group>"; };
		904FCB4D22E1A4F600A25AB3 /* UIImageView+ZRClip.h */ = {isa = PBXFileReference; lastKnownFileType = sourcecode.c.h; path = "UIImageView+ZRClip.h"; sourceTree = "<group>"; };
		904FCB4E22E1A4F600A25AB3 /* UIImageView+ZRClip.m */ = {isa = PBXFileReference; lastKnownFileType = sourcecode.c.objc; path = "UIImageView+ZRClip.m"; sourceTree = "<group>"; };
		904FCB5022E1A64500A25AB3 /* UIImage+ZRWebCache.h */ = {isa = PBXFileReference; lastKnownFileType = sourcecode.c.h; path = "UIImage+ZRWebCache.h"; sourceTree = "<group>"; };
		904FCB5122E1A64500A25AB3 /* UIImage+ZRWebCache.m */ = {isa = PBXFileReference; lastKnownFileType = sourcecode.c.objc; path = "UIImage+ZRWebCache.m"; sourceTree = "<group>"; };
		904FCB5322E42A8500A25AB3 /* ZRAnimationGroupViewController.h */ = {isa = PBXFileReference; lastKnownFileType = sourcecode.c.h; path = ZRAnimationGroupViewController.h; sourceTree = "<group>"; };
		904FCB5422E42A8500A25AB3 /* ZRAnimationGroupViewController.m */ = {isa = PBXFileReference; lastKnownFileType = sourcecode.c.objc; path = ZRAnimationGroupViewController.m; sourceTree = "<group>"; };
		904FCB5922E52E5800A25AB3 /* ZRKeyframeAnimationViewController.m */ = {isa = PBXFileReference; fileEncoding = 4; lastKnownFileType = sourcecode.c.objc; path = ZRKeyframeAnimationViewController.m; sourceTree = "<group>"; };
		904FCB5A22E52E5800A25AB3 /* ZRKeyframeAnimationViewController.h */ = {isa = PBXFileReference; fileEncoding = 4; lastKnownFileType = sourcecode.c.h; path = ZRKeyframeAnimationViewController.h; sourceTree = "<group>"; };
		904FCB5C22E5502C00A25AB3 /* ZRValueDistributionMapViewController.h */ = {isa = PBXFileReference; lastKnownFileType = sourcecode.c.h; path = ZRValueDistributionMapViewController.h; sourceTree = "<group>"; };
		904FCB5D22E5502C00A25AB3 /* ZRValueDistributionMapViewController.m */ = {isa = PBXFileReference; lastKnownFileType = sourcecode.c.objc; path = ZRValueDistributionMapViewController.m; sourceTree = "<group>"; };
		90A63E3122CF39AB00FC773A /* AnimationLayerDemo.app */ = {isa = PBXFileReference; explicitFileType = wrapper.application; includeInIndex = 0; path = AnimationLayerDemo.app; sourceTree = BUILT_PRODUCTS_DIR; };
		90A63E3422CF39AB00FC773A /* AppDelegate.h */ = {isa = PBXFileReference; lastKnownFileType = sourcecode.c.h; path = AppDelegate.h; sourceTree = "<group>"; };
		90A63E3522CF39AB00FC773A /* AppDelegate.m */ = {isa = PBXFileReference; lastKnownFileType = sourcecode.c.objc; path = AppDelegate.m; sourceTree = "<group>"; };
		90A63E3722CF39AB00FC773A /* ViewController.h */ = {isa = PBXFileReference; lastKnownFileType = sourcecode.c.h; path = ViewController.h; sourceTree = "<group>"; };
		90A63E3822CF39AB00FC773A /* ViewController.m */ = {isa = PBXFileReference; lastKnownFileType = sourcecode.c.objc; path = ViewController.m; sourceTree = "<group>"; };
		90A63E3B22CF39AB00FC773A /* Base */ = {isa = PBXFileReference; lastKnownFileType = file.storyboard; name = Base; path = Base.lproj/Main.storyboard; sourceTree = "<group>"; };
		90A63E3D22CF39AD00FC773A /* Assets.xcassets */ = {isa = PBXFileReference; lastKnownFileType = folder.assetcatalog; path = Assets.xcassets; sourceTree = "<group>"; };
		90A63E4022CF39AD00FC773A /* Base */ = {isa = PBXFileReference; lastKnownFileType = file.storyboard; name = Base; path = Base.lproj/LaunchScreen.storyboard; sourceTree = "<group>"; };
		90A63E4222CF39AD00FC773A /* Info.plist */ = {isa = PBXFileReference; lastKnownFileType = text.plist.xml; path = Info.plist; sourceTree = "<group>"; };
		90A63E4322CF39AD00FC773A /* main.m */ = {isa = PBXFileReference; lastKnownFileType = sourcecode.c.objc; path = main.m; sourceTree = "<group>"; };
/* End PBXFileReference section */

/* Begin PBXFrameworksBuildPhase section */
		90A63E2E22CF39AB00FC773A /* Frameworks */ = {
			isa = PBXFrameworksBuildPhase;
			buildActionMask = 2147483647;
			files = (
			);
			runOnlyForDeploymentPostprocessing = 0;
		};
/* End PBXFrameworksBuildPhase section */

/* Begin PBXGroup section */
		9001743422F0502E001A21CC /* Chat */ = {
			isa = PBXGroup;
			children = (
				9001744322F071CA001A21CC /* TransitionAnimators */,
				9001743122F04E15001A21CC /* ZRChatListViewController.h */,
				9001743222F04E15001A21CC /* ZRChatListViewController.m */,
				9001743A22F05996001A21CC /* ZRChatViewController.h */,
				9001743B22F05996001A21CC /* ZRChatViewController.m */,
				9001743D22F059F6001A21CC /* ZRChatCollectionViewController.h */,
				9001743E22F059F6001A21CC /* ZRChatCollectionViewController.m */,
				9001743522F0507C001A21CC /* ZRChatTableViewCell.h */,
				9001743622F0507C001A21CC /* ZRChatTableViewCell.m */,
				9001743722F0507C001A21CC /* ZRChatTableViewCell.xib */,
			);
			path = Chat;
			sourceTree = "<group>";
		};
		9001744322F071CA001A21CC /* TransitionAnimators */ = {
			isa = PBXGroup;
			children = (
				9001744422F07247001A21CC /* ZRBaseTransitionAnimator.h */,
				9001744522F07247001A21CC /* ZRBaseTransitionAnimator.m */,
				9001744722F072B3001A21CC /* ZRChatPresentTransitionAnimator.h */,
				9001744822F072B3001A21CC /* ZRChatPresentTransitionAnimator.m */,
				9001744A22F072C2001A21CC /* ZRChatDismissTransitionAnimator.h */,
				9001744B22F072C2001A21CC /* ZRChatDismissTransitionAnimator.m */,
			);
			path = TransitionAnimators;
			sourceTree = "<group>";
		};
		90495B4122D576BB00AE3A3F /* Navigations */ = {
			isa = PBXGroup;
			children = (
				90495B3A22D5767B00AE3A3F /* ZRHistogramNavController.h */,
				90495B3B22D5767B00AE3A3F /* ZRHistogramNavController.m */,
				90495B3D22D5769B00AE3A3F /* ZRChartNavController.h */,
				90495B3E22D5769B00AE3A3F /* ZRChartNavController.m */,
			);
			path = Navigations;
			sourceTree = "<group>";
		};
		90495B7622D57F8100AE3A3F /* ZRTools */ = {
			isa = PBXGroup;
			children = (
				90495B8E22D57F8100AE3A3F /* ZRToolsPrefixHeader.pch */,
				90495B7722D57F8100AE3A3F /* ZRBases */,
				904FCB4622E171D500A25AB3 /* ZRImageView */,
				90495B8F22D57F8100AE3A3F /* ZRNetworks */,
				90495B9022D57F8100AE3A3F /* ZRUIs */,
			);
			path = ZRTools;
			sourceTree = "<group>";
		};
		90495B7722D57F8100AE3A3F /* ZRBases */ = {
			isa = PBXGroup;
			children = (
				90495B7D22D57F8100AE3A3F /* ZRBaseViewController.h */,
				90495B8622D57F8100AE3A3F /* ZRBaseViewController.m */,
				90495B8722D57F8100AE3A3F /* ZRBaseTabBarController.h */,
				90495B7E22D57F8100AE3A3F /* ZRBaseTabBarController.m */,
				90495B8022D57F8100AE3A3F /* ZRBaseNavigationController.h */,
				90495B8D22D57F8100AE3A3F /* ZRBaseNavigationController.m */,
				90495B7822D57F8100AE3A3F /* ZRCollectionView */,
				90495B8122D57F8100AE3A3F /* ZRScrollView */,
				90495B8822D57F8100AE3A3F /* ZRTableView */,
			);
			path = ZRBases;
			sourceTree = "<group>";
		};
		90495B7822D57F8100AE3A3F /* ZRCollectionView */ = {
			isa = PBXGroup;
			children = (
				90495B7B22D57F8100AE3A3F /* ZRBaseCollectionView.h */,
				90495B7A22D57F8100AE3A3F /* ZRBaseCollectionView.m */,
				90495B7C22D57F8100AE3A3F /* ZRCollectionViewController.h */,
				90495B7922D57F8100AE3A3F /* ZRCollectionViewController.m */,
			);
			path = ZRCollectionView;
			sourceTree = "<group>";
		};
		90495B8122D57F8100AE3A3F /* ZRScrollView */ = {
			isa = PBXGroup;
			children = (
				90495B8522D57F8100AE3A3F /* ZRBaseScrollView.h */,
				90495B8322D57F8100AE3A3F /* ZRBaseScrollView.m */,
				90495B8222D57F8100AE3A3F /* ZRScrollViewController.h */,
				90495B8422D57F8100AE3A3F /* ZRScrollViewController.m */,
			);
			path = ZRScrollView;
			sourceTree = "<group>";
		};
		90495B8822D57F8100AE3A3F /* ZRTableView */ = {
			isa = PBXGroup;
			children = (
				90495B8A22D57F8100AE3A3F /* ZRBaseTableView.h */,
				90495B8B22D57F8100AE3A3F /* ZRBaseTableView.m */,
				90495B8922D57F8100AE3A3F /* ZRTableViewController.h */,
				90495B8C22D57F8100AE3A3F /* ZRTableViewController.m */,
			);
			path = ZRTableView;
			sourceTree = "<group>";
		};
		90495B8F22D57F8100AE3A3F /* ZRNetworks */ = {
			isa = PBXGroup;
			children = (
			);
			path = ZRNetworks;
			sourceTree = "<group>";
		};
		90495B9022D57F8100AE3A3F /* ZRUIs */ = {
			isa = PBXGroup;
			children = (
				90495B9122D57F8100AE3A3F /* ZRGuideViewController */,
			);
			path = ZRUIs;
			sourceTree = "<group>";
		};
		90495B9122D57F8100AE3A3F /* ZRGuideViewController */ = {
			isa = PBXGroup;
			children = (
				90495B9222D57F8100AE3A3F /* ZRGuideViewController.h */,
				90495B9322D57F8100AE3A3F /* ZRGuideViewController.m */,
			);
			path = ZRGuideViewController;
			sourceTree = "<group>";
		};
		90495B9E22D580B100AE3A3F /* ThirdPartys */ = {
			isa = PBXGroup;
			children = (
				90495B9F22D580B100AE3A3F /* Masonry */,
			);
			path = ThirdPartys;
			sourceTree = "<group>";
		};
		90495B9F22D580B100AE3A3F /* Masonry */ = {
			isa = PBXGroup;
			children = (
				90495BA022D580B100AE3A3F /* LICENSE */,
				90495BA122D580B100AE3A3F /* Masonry */,
				90495BBB22D580B100AE3A3F /* README.md */,
			);
			path = Masonry;
			sourceTree = "<group>";
		};
		90495BA122D580B100AE3A3F /* Masonry */ = {
			isa = PBXGroup;
			children = (
				90495BA222D580B100AE3A3F /* MASCompositeConstraint.h */,
				90495BA322D580B100AE3A3F /* NSLayoutConstraint+MASDebugAdditions.m */,
				90495BA422D580B100AE3A3F /* MASConstraint+Private.h */,
				90495BA522D580B100AE3A3F /* MASLayoutConstraint.h */,
				90495BA622D580B100AE3A3F /* NSArray+MASShorthandAdditions.h */,
				90495BA722D580B100AE3A3F /* MASConstraintMaker.h */,
				90495BA822D580B100AE3A3F /* View+MASAdditions.h */,
				90495BA922D580B100AE3A3F /* NSArray+MASAdditions.h */,
				90495BAA22D580B100AE3A3F /* MASUtilities.h */,
				90495BAB22D580B100AE3A3F /* MASViewAttribute.h */,
				90495BAC22D580B100AE3A3F /* ViewController+MASAdditions.m */,
				90495BAD22D580B100AE3A3F /* MASViewConstraint.h */,
				90495BAE22D580B100AE3A3F /* MASConstraint.h */,
				90495BAF22D580B100AE3A3F /* NSLayoutConstraint+MASDebugAdditions.h */,
				90495BB022D580B100AE3A3F /* MASCompositeConstraint.m */,
				90495BB122D580B100AE3A3F /* MASConstraintMaker.m */,
				90495BB222D580B100AE3A3F /* MASLayoutConstraint.m */,
				90495BB322D580B100AE3A3F /* NSArray+MASAdditions.m */,
				90495BB422D580B100AE3A3F /* View+MASAdditions.m */,
				90495BB522D580B100AE3A3F /* View+MASShorthandAdditions.h */,
				90495BB622D580B100AE3A3F /* Masonry.h */,
				90495BB722D580B100AE3A3F /* MASConstraint.m */,
				90495BB822D580B100AE3A3F /* ViewController+MASAdditions.h */,
				90495BB922D580B100AE3A3F /* MASViewConstraint.m */,
				90495BBA22D580B100AE3A3F /* MASViewAttribute.m */,
			);
			path = Masonry;
			sourceTree = "<group>";
		};
		904FCB2C22DF64F800A25AB3 /* Charts */ = {
			isa = PBXGroup;
			children = (
				904FCB2D22DF64F800A25AB3 /* Chart */,
				904FCB3222DF64F800A25AB3 /* Histogram */,
			);
			path = Charts;
			sourceTree = "<group>";
		};
		904FCB2D22DF64F800A25AB3 /* Chart */ = {
			isa = PBXGroup;
			children = (
				904FCB2E22DF64F800A25AB3 /* ZRChartView.h */,
				904FCB3122DF64F800A25AB3 /* ZRChartView.m */,
				904FCB2F22DF64F800A25AB3 /* ZRChartViewController.h */,
				904FCB3022DF64F800A25AB3 /* ZRChartViewController.m */,
			);
			path = Chart;
			sourceTree = "<group>";
		};
		904FCB3222DF64F800A25AB3 /* Histogram */ = {
			isa = PBXGroup;
			children = (
				904FCB3322DF64F800A25AB3 /* ZRHistogramViewController.h */,
				904FCB3422DF64F800A25AB3 /* ZRHistogramViewController.m */,
			);
			path = Histogram;
			sourceTree = "<group>";
		};
		904FCB3822DF655600A25AB3 /* TabBar */ = {
			isa = PBXGroup;
			children = (
				904FCB3922DF655600A25AB3 /* ZRTabbarController.h */,
				904FCB3A22DF655600A25AB3 /* ZRTabbarController.m */,
			);
			path = TabBar;
			sourceTree = "<group>";
		};
		904FCB3C22DF656600A25AB3 /* Animations */ = {
			isa = PBXGroup;
			children = (
				904FCB3D22DF659100A25AB3 /* ZRAnimationViewController.h */,
				904FCB3E22DF659100A25AB3 /* ZRAnimationViewController.m */,
				904FCB4022DF6DE800A25AB3 /* ZRClockViewController.h */,
				904FCB4122DF6DE800A25AB3 /* ZRClockViewController.m */,
				904FCB4322E049BA00A25AB3 /* ZRBasicAnimationViewController.h */,
				904FCB4422E049BA00A25AB3 /* ZRBasicAnimationViewController.m */,
				904FCB5322E42A8500A25AB3 /* ZRAnimationGroupViewController.h */,
				904FCB5422E42A8500A25AB3 /* ZRAnimationGroupViewController.m */,
				904FCB5A22E52E5800A25AB3 /* ZRKeyframeAnimationViewController.h */,
				904FCB5922E52E5800A25AB3 /* ZRKeyframeAnimationViewController.m */,
				904FCB5C22E5502C00A25AB3 /* ZRValueDistributionMapViewController.h */,
				904FCB5D22E5502C00A25AB3 /* ZRValueDistributionMapViewController.m */,
				900D66BD22E9A6690029F283 /* ZREmitterAnimationViewController.h */,
				900D66BE22E9A6690029F283 /* ZREmitterAnimationViewController.m */,
				9001742B22F0326C001A21CC /* ZRTransViewController.h */,
				9001742C22F0326C001A21CC /* ZRTransViewController.m */,
				9001743422F0502E001A21CC /* Chat */,
			);
			path = Animations;
			sourceTree = "<group>";
		};
		904FCB4622E171D500A25AB3 /* ZRImageView */ = {
			isa = PBXGroup;
			children = (
				904FCB5022E1A64500A25AB3 /* UIImage+ZRWebCache.h */,
				904FCB5122E1A64500A25AB3 /* UIImage+ZRWebCache.m */,
				904FCB4722E1722100A25AB3 /* UIImage+ZRClip.h */,
				904FCB4822E1722100A25AB3 /* UIImage+ZRClip.m */,
				904FCB4D22E1A4F600A25AB3 /* UIImageView+ZRClip.h */,
				904FCB4E22E1A4F600A25AB3 /* UIImageView+ZRClip.m */,
				904FCB4A22E1A4D700A25AB3 /* ZRImageManager.h */,
				904FCB4B22E1A4D700A25AB3 /* ZRImageManager.m */,
			);
			path = ZRImageView;
			sourceTree = "<group>";
		};
		90A63E2822CF39AB00FC773A = {
			isa = PBXGroup;
			children = (
				90A63E3322CF39AB00FC773A /* AnimationLayerDemo */,
				90A63E3222CF39AB00FC773A /* Products */,
			);
			sourceTree = "<group>";
		};
		90A63E3222CF39AB00FC773A /* Products */ = {
			isa = PBXGroup;
			children = (
				90A63E3122CF39AB00FC773A /* AnimationLayerDemo.app */,
			);
			name = Products;
			sourceTree = "<group>";
		};
		90A63E3322CF39AB00FC773A /* AnimationLayerDemo */ = {
			isa = PBXGroup;
			children = (
				90495B9E22D580B100AE3A3F /* ThirdPartys */,
				90495B7622D57F8100AE3A3F /* ZRTools */,
				904FCB3822DF655600A25AB3 /* TabBar */,
				90495B4122D576BB00AE3A3F /* Navigations */,
				904FCB3C22DF656600A25AB3 /* Animations */,
				904FCB2C22DF64F800A25AB3 /* Charts */,
				90A63E3422CF39AB00FC773A /* AppDelegate.h */,
				90A63E3522CF39AB00FC773A /* AppDelegate.m */,
				90A63E3722CF39AB00FC773A /* ViewController.h */,
				90A63E3822CF39AB00FC773A /* ViewController.m */,
				90495B3222D2294900AE3A3F /* UIView+QuartzDemo.h */,
				90495B3322D2294900AE3A3F /* UIView+QuartzDemo.m */,
				90A63E3A22CF39AB00FC773A /* Main.storyboard */,
				90A63E3D22CF39AD00FC773A /* Assets.xcassets */,
				90A63E3F22CF39AD00FC773A /* LaunchScreen.storyboard */,
				90A63E4222CF39AD00FC773A /* Info.plist */,
				90A63E4322CF39AD00FC773A /* main.m */,
			);
			path = AnimationLayerDemo;
			sourceTree = "<group>";
		};
/* End PBXGroup section */

/* Begin PBXNativeTarget section */
		90A63E3022CF39AB00FC773A /* AnimationLayerDemo */ = {
			isa = PBXNativeTarget;
			buildConfigurationList = 90A63E4722CF39AD00FC773A /* Build configuration list for PBXNativeTarget "AnimationLayerDemo" */;
			buildPhases = (
				90A63E2D22CF39AB00FC773A /* Sources */,
				90A63E2E22CF39AB00FC773A /* Frameworks */,
				90A63E2F22CF39AB00FC773A /* Resources */,
			);
			buildRules = (
			);
			dependencies = (
			);
			name = AnimationLayerDemo;
			productName = AnimationLayerDemo;
			productReference = 90A63E3122CF39AB00FC773A /* AnimationLayerDemo.app */;
			productType = "com.apple.product-type.application";
		};
/* End PBXNativeTarget section */

/* Begin PBXProject section */
		90A63E2922CF39AB00FC773A /* Project object */ = {
			isa = PBXProject;
			attributes = {
				LastUpgradeCheck = 1010;
				ORGANIZATIONNAME = ZRTools;
				TargetAttributes = {
					90A63E3022CF39AB00FC773A = {
						CreatedOnToolsVersion = 10.1;
					};
				};
			};
			buildConfigurationList = 90A63E2C22CF39AB00FC773A /* Build configuration list for PBXProject "AnimationLayerDemo" */;
			compatibilityVersion = "Xcode 9.3";
			developmentRegion = en;
			hasScannedForEncodings = 0;
			knownRegions = (
				en,
				Base,
			);
			mainGroup = 90A63E2822CF39AB00FC773A;
			productRefGroup = 90A63E3222CF39AB00FC773A /* Products */;
			projectDirPath = "";
			projectRoot = "";
			targets = (
				90A63E3022CF39AB00FC773A /* AnimationLayerDemo */,
			);
		};
/* End PBXProject section */

/* Begin PBXResourcesBuildPhase section */
		90A63E2F22CF39AB00FC773A /* Resources */ = {
			isa = PBXResourcesBuildPhase;
			buildActionMask = 2147483647;
			files = (
				90A63E4122CF39AD00FC773A /* LaunchScreen.storyboard in Resources */,
				90A63E3E22CF39AD00FC773A /* Assets.xcassets in Resources */,
				90495BC722D580B100AE3A3F /* README.md in Resources */,
				9001743922F0507C001A21CC /* ZRChatTableViewCell.xib in Resources */,
				90495BBC22D580B100AE3A3F /* LICENSE in Resources */,
				90A63E3C22CF39AB00FC773A /* Main.storyboard in Resources */,
			);
			runOnlyForDeploymentPostprocessing = 0;
		};
/* End PBXResourcesBuildPhase section */

/* Begin PBXSourcesBuildPhase section */
		90A63E2D22CF39AB00FC773A /* Sources */ = {
			isa = PBXSourcesBuildPhase;
			buildActionMask = 2147483647;
			files = (
				904FCB3F22DF659100A25AB3 /* ZRAnimationViewController.m in Sources */,
				90495B9A22D57F8100AE3A3F /* ZRBaseTableView.m in Sources */,
				90A63E3922CF39AB00FC773A /* ViewController.m in Sources */,
				904FCB4C22E1A4D700A25AB3 /* ZRImageManager.m in Sources */,
				90495BC622D580B100AE3A3F /* MASViewAttribute.m in Sources */,
				904FCB4922E1722100A25AB3 /* UIImage+ZRClip.m in Sources */,
				90495B9722D57F8100AE3A3F /* ZRBaseScrollView.m in Sources */,
				90495BBD22D580B100AE3A3F /* NSLayoutConstraint+MASDebugAdditions.m in Sources */,
				9001744C22F072C2001A21CC /* ZRChatDismissTransitionAnimator.m in Sources */,
				90495BC122D580B100AE3A3F /* MASLayoutConstraint.m in Sources */,
				90A63E4422CF39AD00FC773A /* main.m in Sources */,
				9001743C22F05996001A21CC /* ZRChatViewController.m in Sources */,
				90495B3F22D5769B00AE3A3F /* ZRChartNavController.m in Sources */,
				904FCB4222DF6DE800A25AB3 /* ZRClockViewController.m in Sources */,
				90495B3422D2294900AE3A3F /* UIView+QuartzDemo.m in Sources */,
				904FCB5B22E52E5900A25AB3 /* ZRKeyframeAnimationViewController.m in Sources */,
				90495BC322D580B100AE3A3F /* View+MASAdditions.m in Sources */,
				904FCB5E22E5502C00A25AB3 /* ZRValueDistributionMapViewController.m in Sources */,
				904FCB5222E1A64500A25AB3 /* UIImage+ZRWebCache.m in Sources */,
				90495B9422D57F8100AE3A3F /* ZRCollectionViewController.m in Sources */,
				90495B9922D57F8100AE3A3F /* ZRBaseViewController.m in Sources */,
				9001743822F0507C001A21CC /* ZRChatTableViewCell.m in Sources */,
				904FCB4522E049BA00A25AB3 /* ZRBasicAnimationViewController.m in Sources */,
				9001743F22F059F6001A21CC /* ZRChatCollectionViewController.m in Sources */,
				90495BC522D580B100AE3A3F /* MASViewConstraint.m in Sources */,
				904FCB4F22E1A4F600A25AB3 /* UIImageView+ZRClip.m in Sources */,
				90495B9B22D57F8100AE3A3F /* ZRTableViewController.m in Sources */,
				90495BC022D580B100AE3A3F /* MASConstraintMaker.m in Sources */,
				90495BC222D580B100AE3A3F /* NSArray+MASAdditions.m in Sources */,
				90495B9822D57F8100AE3A3F /* ZRScrollViewController.m in Sources */,
				9001743322F04E15001A21CC /* ZRChatListViewController.m in Sources */,
				90495BBE22D580B100AE3A3F /* ViewController+MASAdditions.m in Sources */,
				90495B9622D57F8100AE3A3F /* ZRBaseTabBarController.m in Sources */,
				904FCB5522E42A8500A25AB3 /* ZRAnimationGroupViewController.m in Sources */,
				9001744622F07247001A21CC /* ZRBaseTransitionAnimator.m in Sources */,
				904FCB3722DF64F800A25AB3 /* ZRHistogramViewController.m in Sources */,
				90495B9522D57F8100AE3A3F /* ZRBaseCollectionView.m in Sources */,
				90495BC422D580B100AE3A3F /* MASConstraint.m in Sources */,
				90495BBF22D580B100AE3A3F /* MASCompositeConstraint.m in Sources */,
				90495B9D22D57F8100AE3A3F /* ZRGuideViewController.m in Sources */,
				90495B3C22D5767B00AE3A3F /* ZRHistogramNavController.m in Sources */,
				9001742D22F0326C001A21CC /* ZRTransViewController.m in Sources */,
				90A63E3622CF39AB00FC773A /* AppDelegate.m in Sources */,
				90495B9C22D57F8100AE3A3F /* ZRBaseNavigationController.m in Sources */,
				900D66BF22E9A6690029F283 /* ZREmitterAnimationViewController.m in Sources */,
				904FCB3B22DF655600A25AB3 /* ZRTabbarController.m in Sources */,
				9001744922F072B3001A21CC /* ZRChatPresentTransitionAnimator.m in Sources */,
				904FCB3522DF64F800A25AB3 /* ZRChartViewController.m in Sources */,
				904FCB3622DF64F800A25AB3 /* ZRChartView.m in Sources */,
			);
			runOnlyForDeploymentPostprocessing = 0;
		};
/* End PBXSourcesBuildPhase section */

/* Begin PBXVariantGroup section */
		90A63E3A22CF39AB00FC773A /* Main.storyboard */ = {
			isa = PBXVariantGroup;
			children = (
				90A63E3B22CF39AB00FC773A /* Base */,
			);
			name = Main.storyboard;
			sourceTree = "<group>";
		};
		90A63E3F22CF39AD00FC773A /* LaunchScreen.storyboard */ = {
			isa = PBXVariantGroup;
			children = (
				90A63E4022CF39AD00FC773A /* Base */,
			);
			name = LaunchScreen.storyboard;
			sourceTree = "<group>";
		};
/* End PBXVariantGroup section */

/* Begin XCBuildConfiguration section */
		90A63E4522CF39AD00FC773A /* Debug */ = {
			isa = XCBuildConfiguration;
			buildSettings = {
				ALWAYS_SEARCH_USER_PATHS = NO;
				CLANG_ANALYZER_NONNULL = YES;
				CLANG_ANALYZER_NUMBER_OBJECT_CONVERSION = YES_AGGRESSIVE;
				CLANG_CXX_LANGUAGE_STANDARD = "gnu++14";
				CLANG_CXX_LIBRARY = "libc++";
				CLANG_ENABLE_MODULES = YES;
				CLANG_ENABLE_OBJC_ARC = YES;
				CLANG_ENABLE_OBJC_WEAK = YES;
				CLANG_WARN_BLOCK_CAPTURE_AUTORELEASING = YES;
				CLANG_WARN_BOOL_CONVERSION = YES;
				CLANG_WARN_COMMA = YES;
				CLANG_WARN_CONSTANT_CONVERSION = YES;
				CLANG_WARN_DEPRECATED_OBJC_IMPLEMENTATIONS = YES;
				CLANG_WARN_DIRECT_OBJC_ISA_USAGE = YES_ERROR;
				CLANG_WARN_DOCUMENTATION_COMMENTS = YES;
				CLANG_WARN_EMPTY_BODY = YES;
				CLANG_WARN_ENUM_CONVERSION = YES;
				CLANG_WARN_INFINITE_RECURSION = YES;
				CLANG_WARN_INT_CONVERSION = YES;
				CLANG_WARN_NON_LITERAL_NULL_CONVERSION = YES;
				CLANG_WARN_OBJC_IMPLICIT_RETAIN_SELF = YES;
				CLANG_WARN_OBJC_LITERAL_CONVERSION = YES;
				CLANG_WARN_OBJC_ROOT_CLASS = YES_ERROR;
				CLANG_WARN_RANGE_LOOP_ANALYSIS = YES;
				CLANG_WARN_STRICT_PROTOTYPES = YES;
				CLANG_WARN_SUSPICIOUS_MOVE = YES;
				CLANG_WARN_UNGUARDED_AVAILABILITY = YES_AGGRESSIVE;
				CLANG_WARN_UNREACHABLE_CODE = YES;
				CLANG_WARN__DUPLICATE_METHOD_MATCH = YES;
				CODE_SIGN_IDENTITY = "iPhone Developer";
				COPY_PHASE_STRIP = NO;
				DEBUG_INFORMATION_FORMAT = dwarf;
				ENABLE_STRICT_OBJC_MSGSEND = YES;
				ENABLE_TESTABILITY = YES;
				GCC_C_LANGUAGE_STANDARD = gnu11;
				GCC_DYNAMIC_NO_PIC = NO;
				GCC_NO_COMMON_BLOCKS = YES;
				GCC_OPTIMIZATION_LEVEL = 0;
				GCC_PREPROCESSOR_DEFINITIONS = (
					"DEBUG=1",
					"$(inherited)",
				);
				GCC_WARN_64_TO_32_BIT_CONVERSION = YES;
				GCC_WARN_ABOUT_RETURN_TYPE = YES_ERROR;
				GCC_WARN_UNDECLARED_SELECTOR = YES;
				GCC_WARN_UNINITIALIZED_AUTOS = YES_AGGRESSIVE;
				GCC_WARN_UNUSED_FUNCTION = YES;
				GCC_WARN_UNUSED_VARIABLE = YES;
				IPHONEOS_DEPLOYMENT_TARGET = 12.1;
				MTL_ENABLE_DEBUG_INFO = INCLUDE_SOURCE;
				MTL_FAST_MATH = YES;
				ONLY_ACTIVE_ARCH = YES;
				SDKROOT = iphoneos;
			};
			name = Debug;
		};
		90A63E4622CF39AD00FC773A /* Release */ = {
			isa = XCBuildConfiguration;
			buildSettings = {
				ALWAYS_SEARCH_USER_PATHS = NO;
				CLANG_ANALYZER_NONNULL = YES;
				CLANG_ANALYZER_NUMBER_OBJECT_CONVERSION = YES_AGGRESSIVE;
				CLANG_CXX_LANGUAGE_STANDARD = "gnu++14";
				CLANG_CXX_LIBRARY = "libc++";
				CLANG_ENABLE_MODULES = YES;
				CLANG_ENABLE_OBJC_ARC = YES;
				CLANG_ENABLE_OBJC_WEAK = YES;
				CLANG_WARN_BLOCK_CAPTURE_AUTORELEASING = YES;
				CLANG_WARN_BOOL_CONVERSION = YES;
				CLANG_WARN_COMMA = YES;
				CLANG_WARN_CONSTANT_CONVERSION = YES;
				CLANG_WARN_DEPRECATED_OBJC_IMPLEMENTATIONS = YES;
				CLANG_WARN_DIRECT_OBJC_ISA_USAGE = YES_ERROR;
				CLANG_WARN_DOCUMENTATION_COMMENTS = YES;
				CLANG_WARN_EMPTY_BODY = YES;
				CLANG_WARN_ENUM_CONVERSION = YES;
				CLANG_WARN_INFINITE_RECURSION = YES;
				CLANG_WARN_INT_CONVERSION = YES;
				CLANG_WARN_NON_LITERAL_NULL_CONVERSION = YES;
				CLANG_WARN_OBJC_IMPLICIT_RETAIN_SELF = YES;
				CLANG_WARN_OBJC_LITERAL_CONVERSION = YES;
				CLANG_WARN_OBJC_ROOT_CLASS = YES_ERROR;
				CLANG_WARN_RANGE_LOOP_ANALYSIS = YES;
				CLANG_WARN_STRICT_PROTOTYPES = YES;
				CLANG_WARN_SUSPICIOUS_MOVE = YES;
				CLANG_WARN_UNGUARDED_AVAILABILITY = YES_AGGRESSIVE;
				CLANG_WARN_UNREACHABLE_CODE = YES;
				CLANG_WARN__DUPLICATE_METHOD_MATCH = YES;
				CODE_SIGN_IDENTITY = "iPhone Developer";
				COPY_PHASE_STRIP = NO;
				DEBUG_INFORMATION_FORMAT = "dwarf-with-dsym";
				ENABLE_NS_ASSERTIONS = NO;
				ENABLE_STRICT_OBJC_MSGSEND = YES;
				GCC_C_LANGUAGE_STANDARD = gnu11;
				GCC_NO_COMMON_BLOCKS = YES;
				GCC_WARN_64_TO_32_BIT_CONVERSION = YES;
				GCC_WARN_ABOUT_RETURN_TYPE = YES_ERROR;
				GCC_WARN_UNDECLARED_SELECTOR = YES;
				GCC_WARN_UNINITIALIZED_AUTOS = YES_AGGRESSIVE;
				GCC_WARN_UNUSED_FUNCTION = YES;
				GCC_WARN_UNUSED_VARIABLE = YES;
				IPHONEOS_DEPLOYMENT_TARGET = 12.1;
				MTL_ENABLE_DEBUG_INFO = NO;
				MTL_FAST_MATH = YES;
				SDKROOT = iphoneos;
				VALIDATE_PRODUCT = YES;
			};
			name = Release;
		};
		90A63E4822CF39AD00FC773A /* Debug */ = {
			isa = XCBuildConfiguration;
			buildSettings = {
				ASSETCATALOG_COMPILER_APPICON_NAME = AppIcon;
				CODE_SIGN_STYLE = Automatic;
				DEVELOPMENT_TEAM = 3257W3UY8B;
				GCC_PRECOMPILE_PREFIX_HEADER = YES;
				GCC_PREFIX_HEADER = "$(SRCROOT)/AnimationLayerDemo/ZRTools/ZRToolsPrefixHeader.pch";
				INFOPLIST_FILE = AnimationLayerDemo/Info.plist;
				LD_RUNPATH_SEARCH_PATHS = (
					"$(inherited)",
					"@executable_path/Frameworks",
				);
				PRODUCT_BUNDLE_IDENTIFIER = com.gitee.hesland.AnimationLayerDemo;
				PRODUCT_NAME = "$(TARGET_NAME)";
				TARGETED_DEVICE_FAMILY = "1,2";
			};
			name = Debug;
		};
		90A63E4922CF39AD00FC773A /* Release */ = {
			isa = XCBuildConfiguration;
			buildSettings = {
				ASSETCATALOG_COMPILER_APPICON_NAME = AppIcon;
				CODE_SIGN_STYLE = Automatic;
				DEVELOPMENT_TEAM = 3257W3UY8B;
				GCC_PRECOMPILE_PREFIX_HEADER = YES;
				GCC_PREFIX_HEADER = "$(SRCROOT)/AnimationLayerDemo/ZRTools/ZRToolsPrefixHeader.pch";
				INFOPLIST_FILE = AnimationLayerDemo/Info.plist;
				LD_RUNPATH_SEARCH_PATHS = (
					"$(inherited)",
					"@executable_path/Frameworks",
				);
				PRODUCT_BUNDLE_IDENTIFIER = com.gitee.hesland.AnimationLayerDemo;
				PRODUCT_NAME = "$(TARGET_NAME)";
				TARGETED_DEVICE_FAMILY = "1,2";
			};
			name = Release;
		};
/* End XCBuildConfiguration section */

/* Begin XCConfigurationList section */
		90A63E2C22CF39AB00FC773A /* Build configuration list for PBXProject "AnimationLayerDemo" */ = {
			isa = XCConfigurationList;
			buildConfigurations = (
				90A63E4522CF39AD00FC773A /* Debug */,
				90A63E4622CF39AD00FC773A /* Release */,
			);
			defaultConfigurationIsVisible = 0;
			defaultConfigurationName = Release;
		};
		90A63E4722CF39AD00FC773A /* Build configuration list for PBXNativeTarget "AnimationLayerDemo" */ = {
			isa = XCConfigurationList;
			buildConfigurations = (
				90A63E4822CF39AD00FC773A /* Debug */,
				90A63E4922CF39AD00FC773A /* Release */,
			);
			defaultConfigurationIsVisible = 0;
			defaultConfigurationName = Release;
		};
/* End XCConfigurationList section */
	};
	rootObject = 90A63E2922CF39AB00FC773A /* Project object */;
}
